
Microsoft Visual Studio Solution File, Format Version 12.00
# Visual Studio Version 16
VisualStudioVersion = 16.0.30104.148
MinimumVisualStudioVersion = 10.0.40219.1
Project("{FAE04EC0-301F-11D3-BF4B-00C04F79EFBC}") = "OOP_LAB_ATM", "OOP_LAB_ATM\OOP_LAB_ATM.csproj", "{F11E5C51-4072-4D29-B706-EAA511EAD079}"
EndProject
Global
	GlobalSection(SolutionConfigurationPlatforms) = preSolution
		Debug|Any CPU = Debug|Any CPU
		Release|Any CPU = Release|Any CPU
	EndGlobalSection
	GlobalSection(ProjectConfigurationPlatforms) = postSolution
		{F11E5C51-4072-4D29-B706-EAA511EAD079}.Debug|Any CPU.ActiveCfg = Debug|Any CPU
		{F11E5C51-4072-4D29-B706-EAA511EAD079}.Debug|Any CPU.Build.0 = Debug|Any CPU
		{F11E5C51-4072-4D29-B706-EAA511EAD079}.Release|Any CPU.ActiveCfg = Release|Any CPU
		{F11E5C51-4072-4D29-B706-EAA511EAD079}.Release|Any CPU.Build.0 = Release|Any CPU
	EndGlobalSection
	GlobalSection(SolutionProperties) = preSolution
		HideSolutionNode = FALSE
	EndGlobalSection
	GlobalSection(ExtensibilityGlobals) = postSolution
		SolutionGuid = {4970C5F2-4C29-4E23-A023-3C462F552F08}
	EndGlobalSection
EndGlobal
